// !$*UTF8*$!
{
	archiveVersion = 1;
	classes = {
	};
	objectVersion = 50;
	objects = {

/* Begin PBXBuildFile section */
		E125600A24A93809007D2C9F /* MenuView.swift in Sources */ = {isa = PBXBuildFile; fileRef = E125600924A93809007D2C9F /* MenuView.swift */; };
		E125600C24A93F4B007D2C9F /* Home.swift in Sources */ = {isa = PBXBuildFile; fileRef = E125600B24A93F4B007D2C9F /* Home.swift */; };
		E125600E24A9D1EF007D2C9F /* HomeView.swift in Sources */ = {isa = PBXBuildFile; fileRef = E125600D24A9D1EF007D2C9F /* HomeView.swift */; };
		E17DA2D024A6A39A003F0305 /* AppDelegate.swift in Sources */ = {isa = PBXBuildFile; fileRef = E17DA2CF24A6A39A003F0305 /* AppDelegate.swift */; };
		E17DA2D224A6A39A003F0305 /* SceneDelegate.swift in Sources */ = {isa = PBXBuildFile; fileRef = E17DA2D124A6A39A003F0305 /* SceneDelegate.swift */; };
		E17DA2D424A6A39A003F0305 /* ContentView.swift in Sources */ = {isa = PBXBuildFile; fileRef = E17DA2D324A6A39A003F0305 /* ContentView.swift */; };
		E17DA2D624A6A39B003F0305 /* Assets.xcassets in Resources */ = {isa = PBXBuildFile; fileRef = E17DA2D524A6A39B003F0305 /* Assets.xcassets */; };
		E17DA2D924A6A39B003F0305 /* Preview Assets.xcassets in Resources */ = {isa = PBXBuildFile; fileRef = E17DA2D824A6A39B003F0305 /* Preview Assets.xcassets */; };
		E17DA2DC24A6A39B003F0305 /* LaunchScreen.storyboard in Resources */ = {isa = PBXBuildFile; fileRef = E17DA2DA24A6A39B003F0305 /* LaunchScreen.storyboard */; };
		E1B1A83A24AA71930043F521 /* UpdateList.swift in Sources */ = {isa = PBXBuildFile; fileRef = E1B1A83924AA71930043F521 /* UpdateList.swift */; };
		E1B1A83C24AA779B0043F521 /* UpdateDetail.swift in Sources */ = {isa = PBXBuildFile; fileRef = E1B1A83B24AA779B0043F521 /* UpdateDetail.swift */; };
/* End PBXBuildFile section */

/* Begin PBXFileReference section */
		E125600924A93809007D2C9F /* MenuView.swift */ = {isa = PBXFileReference; lastKnownFileType = sourcecode.swift; path = MenuView.swift; sourceTree = "<group>"; };
		E125600B24A93F4B007D2C9F /* Home.swift */ = {isa = PBXFileReference; lastKnownFileType = sourcecode.swift; path = Home.swift; sourceTree = "<group>"; };
		E125600D24A9D1EF007D2C9F /* HomeView.swift */ = {isa = PBXFileReference; lastKnownFileType = sourcecode.swift; path = HomeView.swift; sourceTree = "<group>"; };
		E17DA2CC24A6A39A003F0305 /* DesignCode.app */ = {isa = PBXFileReference; explicitFileType = wrapper.application; includeInIndex = 0; path = DesignCode.app; sourceTree = BUILT_PRODUCTS_DIR; };
		E17DA2CF24A6A39A003F0305 /* AppDelegate.swift */ = {isa = PBXFileReference; lastKnownFileType = sourcecode.swift; path = AppDelegate.swift; sourceTree = "<group>"; };
		E17DA2D124A6A39A003F0305 /* SceneDelegate.swift */ = {isa = PBXFileReference; lastKnownFileType = sourcecode.swift; path = SceneDelegate.swift; sourceTree = "<group>"; };
		E17DA2D324A6A39A003F0305 /* ContentView.swift */ = {isa = PBXFileReference; lastKnownFileType = sourcecode.swift; path = ContentView.swift; sourceTree = "<group>"; };
		E17DA2D524A6A39B003F0305 /* Assets.xcassets */ = {isa = PBXFileReference; lastKnownFileType = folder.assetcatalog; path = Assets.xcassets; sourceTree = "<group>"; };
		E17DA2D824A6A39B003F0305 /* Preview Assets.xcassets */ = {isa = PBXFileReference; lastKnownFileType = folder.assetcatalog; path = "Preview Assets.xcassets"; sourceTree = "<group>"; };
		E17DA2DB24A6A39B003F0305 /* Base */ = {isa = PBXFileReference; lastKnownFileType = file.storyboard; name = Base; path = Base.lproj/LaunchScreen.storyboard; sourceTree = "<group>"; };
		E17DA2DD24A6A39B003F0305 /* Info.plist */ = {isa = PBXFileReference; lastKnownFileType = text.plist.xml; path = Info.plist; sourceTree = "<group>"; };
		E1B1A83924AA71930043F521 /* UpdateList.swift */ = {isa = PBXFileReference; lastKnownFileType = sourcecode.swift; path = UpdateList.swift; sourceTree = "<group>"; };
		E1B1A83B24AA779B0043F521 /* UpdateDetail.swift */ = {isa = PBXFileReference; lastKnownFileType = sourcecode.swift; path = UpdateDetail.swift; sourceTree = "<group>"; };
/* End PBXFileReference section */

/* Begin PBXFrameworksBuildPhase section */
		E17DA2C924A6A39A003F0305 /* Frameworks */ = {
			isa = PBXFrameworksBuildPhase;
			buildActionMask = 2147483647;
			files = (
			);
			runOnlyForDeploymentPostprocessing = 0;
		};
/* End PBXFrameworksBuildPhase section */

/* Begin PBXGroup section */
		E17DA2C324A6A39A003F0305 = {
			isa = PBXGroup;
			children = (
				E17DA2CE24A6A39A003F0305 /* DesignCode */,
				E17DA2CD24A6A39A003F0305 /* Products */,
			);
			sourceTree = "<group>";
		};
		E17DA2CD24A6A39A003F0305 /* Products */ = {
			isa = PBXGroup;
			children = (
				E17DA2CC24A6A39A003F0305 /* DesignCode.app */,
			);
			name = Products;
			sourceTree = "<group>";
		};
		E17DA2CE24A6A39A003F0305 /* DesignCode */ = {
			isa = PBXGroup;
			children = (
				E17DA2CF24A6A39A003F0305 /* AppDelegate.swift */,
				E17DA2D124A6A39A003F0305 /* SceneDelegate.swift */,
				E17DA2D324A6A39A003F0305 /* ContentView.swift */,
				E125600924A93809007D2C9F /* MenuView.swift */,
				E125600B24A93F4B007D2C9F /* Home.swift */,
				E125600D24A9D1EF007D2C9F /* HomeView.swift */,
				E1B1A83924AA71930043F521 /* UpdateList.swift */,
				E1B1A83B24AA779B0043F521 /* UpdateDetail.swift */,
				E17DA2D524A6A39B003F0305 /* Assets.xcassets */,
				E17DA2DA24A6A39B003F0305 /* LaunchScreen.storyboard */,
				E17DA2DD24A6A39B003F0305 /* Info.plist */,
				E17DA2D724A6A39B003F0305 /* Preview Content */,
			);
			path = DesignCode;
			sourceTree = "<group>";
		};
		E17DA2D724A6A39B003F0305 /* Preview Content */ = {
			isa = PBXGroup;
			children = (
				E17DA2D824A6A39B003F0305 /* Preview Assets.xcassets */,
			);
			path = "Preview Content";
			sourceTree = "<group>";
		};
/* End PBXGroup section */

/* Begin PBXNativeTarget section */
		E17DA2CB24A6A39A003F0305 /* DesignCode */ = {
			isa = PBXNativeTarget;
			buildConfigurationList = E17DA2E024A6A39B003F0305 /* Build configuration list for PBXNativeTarget "DesignCode" */;
			buildPhases = (
				E17DA2C824A6A39A003F0305 /* Sources */,
				E17DA2C924A6A39A003F0305 /* Frameworks */,
				E17DA2CA24A6A39A003F0305 /* Resources */,
			);
			buildRules = (
			);
			dependencies = (
			);
			name = DesignCode;
			productName = DesignCode;
			productReference = E17DA2CC24A6A39A003F0305 /* DesignCode.app */;
			productType = "com.apple.product-type.application";
		};
/* End PBXNativeTarget section */

/* Begin PBXProject section */
		E17DA2C424A6A39A003F0305 /* Project object */ = {
			isa = PBXProject;
			attributes = {
				LastSwiftUpdateCheck = 1150;
				LastUpgradeCheck = 1150;
				ORGANIZATIONNAME = "Robert van Steen";
				TargetAttributes = {
					E17DA2CB24A6A39A003F0305 = {
						CreatedOnToolsVersion = 11.5;
					};
				};
			};
			buildConfigurationList = E17DA2C724A6A39A003F0305 /* Build configuration list for PBXProject "DesignCode" */;
			compatibilityVersion = "Xcode 9.3";
			developmentRegion = en;
			hasScannedForEncodings = 0;
			knownRegions = (
				en,
				Base,
			);
			mainGroup = E17DA2C324A6A39A003F0305;
			productRefGroup = E17DA2CD24A6A39A003F0305 /* Products */;
			projectDirPath = "";
			projectRoot = "";
			targets = (
				E17DA2CB24A6A39A003F0305 /* DesignCode */,
			);
		};
/* End PBXProject section */

/* Begin PBXResourcesBuildPhase section */
		E17DA2CA24A6A39A003F0305 /* Resources */ = {
			isa = PBXResourcesBuildPhase;
			buildActionMask = 2147483647;
			files = (
				E17DA2DC24A6A39B003F0305 /* LaunchScreen.storyboard in Resources */,
				E17DA2D924A6A39B003F0305 /* Preview Assets.xcassets in Resources */,
				E17DA2D624A6A39B003F0305 /* Assets.xcassets in Resources */,
			);
			runOnlyForDeploymentPostprocessing = 0;
		};
/* End PBXResourcesBuildPhase section */

/* Begin PBXSourcesBuildPhase section */
		E17DA2C824A6A39A003F0305 /* Sources */ = {
			isa = PBXSourcesBuildPhase;
			buildActionMask = 2147483647;
			files = (
				E17DA2D024A6A39A003F0305 /* AppDelegate.swift in Sources */,
				E1B1A83A24AA71930043F521 /* UpdateList.swift in Sources */,
				E125600A24A93809007D2C9F /* MenuView.swift in Sources */,
				E1B1A83C24AA779B0043F521 /* UpdateDetail.swift in Sources */,
				E125600C24A93F4B007D2C9F /* Home.swift in Sources */,
				E125600E24A9D1EF007D2C9F /* HomeView.swift in Sources */,
				E17DA2D224A6A39A003F0305 /* SceneDelegate.swift in Sources */,
				E17DA2D424A6A39A003F0305 /* ContentView.swift in Sources */,
			);
			runOnlyForDeploymentPostprocessing = 0;
		};
/* End PBXSourcesBuildPhase section */

/* Begin PBXVariantGroup section */
		E17DA2DA24A6A39B003F0305 /* LaunchScreen.storyboard */ = {
			isa = PBXVariantGroup;
			children = (
				E17DA2DB24A6A39B003F0305 /* Base */,
			);
			name = LaunchScreen.storyboard;
			sourceTree = "<group>";
		};
/* End PBXVariantGroup section */

/* Begin XCBuildConfiguration section */
		E17DA2DE24A6A39B003F0305 /* Debug */ = {
			isa = XCBuildConfiguration;
			buildSettings = {
				ALWAYS_SEARCH_USER_PATHS = NO;
				CLANG_ANALYZER_NONNULL = YES;
				CLANG_ANALYZER_NUMBER_OBJECT_CONVERSION = YES_AGGRESSIVE;
				CLANG_CXX_LANGUAGE_STANDARD = "gnu++14";
				CLANG_CXX_LIBRARY = "libc++";
				CLANG_ENABLE_MODULES = YES;
				CLANG_ENABLE_OBJC_ARC = YES;
				CLANG_ENABLE_OBJC_WEAK = YES;
				CLANG_WARN_BLOCK_CAPTURE_AUTORELEASING = YES;
				CLANG_WARN_BOOL_CONVERSION = YES;
				CLANG_WARN_COMMA = YES;
				CLANG_WARN_CONSTANT_CONVERSION = YES;
				CLANG_WARN_DEPRECATED_OBJC_IMPLEMENTATIONS = YES;
				CLANG_WARN_DIRECT_OBJC_ISA_USAGE = YES_ERROR;
				CLANG_WARN_DOCUMENTATION_COMMENTS = YES;
				CLANG_WARN_EMPTY_BODY = YES;
				CLANG_WARN_ENUM_CONVERSION = YES;
				CLANG_WARN_INFINITE_RECURSION = YES;
				CLANG_WARN_INT_CONVERSION = YES;
				CLANG_WARN_NON_LITERAL_NULL_CONVERSION = YES;
				CLANG_WARN_OBJC_IMPLICIT_RETAIN_SELF = YES;
				CLANG_WARN_OBJC_LITERAL_CONVERSION = YES;
				CLANG_WARN_OBJC_ROOT_CLASS = YES_ERROR;
				CLANG_WARN_RANGE_LOOP_ANALYSIS = YES;
				CLANG_WARN_STRICT_PROTOTYPES = YES;
				CLANG_WARN_SUSPICIOUS_MOVE = YES;
				CLANG_WARN_UNGUARDED_AVAILABILITY = YES_AGGRESSIVE;
				CLANG_WARN_UNREACHABLE_CODE = YES;
				CLANG_WARN__DUPLICATE_METHOD_MATCH = YES;
				COPY_PHASE_STRIP = NO;
				DEBUG_INFORMATION_FORMAT = dwarf;
				ENABLE_STRICT_OBJC_MSGSEND = YES;
				ENABLE_TESTABILITY = YES;
				GCC_C_LANGUAGE_STANDARD = gnu11;
				GCC_DYNAMIC_NO_PIC = NO;
				GCC_NO_COMMON_BLOCKS = YES;
				GCC_OPTIMIZATION_LEVEL = 0;
				GCC_PREPROCESSOR_DEFINITIONS = (
					"DEBUG=1",
					"$(inherited)",
				);
				GCC_WARN_64_TO_32_BIT_CONVERSION = YES;
				GCC_WARN_ABOUT_RETURN_TYPE = YES_ERROR;
				GCC_WARN_UNDECLARED_SELECTOR = YES;
				GCC_WARN_UNINITIALIZED_AUTOS = YES_AGGRESSIVE;
				GCC_WARN_UNUSED_FUNCTION = YES;
				GCC_WARN_UNUSED_VARIABLE = YES;
				IPHONEOS_DEPLOYMENT_TARGET = 13.5;
				MTL_ENABLE_DEBUG_INFO = INCLUDE_SOURCE;
				MTL_FAST_MATH = YES;
				ONLY_ACTIVE_ARCH = YES;
				SDKROOT = iphoneos;
				SWIFT_ACTIVE_COMPILATION_CONDITIONS = DEBUG;
				SWIFT_OPTIMIZATION_LEVEL = "-Onone";
			};
			name = Debug;
		};
		E17DA2DF24A6A39B003F0305 /* Release */ = {
			isa = XCBuildConfiguration;
			buildSettings = {
				ALWAYS_SEARCH_USER_PATHS = NO;
				CLANG_ANALYZER_NONNULL = YES;
				CLANG_ANALYZER_NUMBER_OBJECT_CONVERSION = YES_AGGRESSIVE;
				CLANG_CXX_LANGUAGE_STANDARD = "gnu++14";
				CLANG_CXX_LIBRARY = "libc++";
				CLANG_ENABLE_MODULES = YES;
				CLANG_ENABLE_OBJC_ARC = YES;
				CLANG_ENABLE_OBJC_WEAK = YES;
				CLANG_WARN_BLOCK_CAPTURE_AUTORELEASING = YES;
				CLANG_WARN_BOOL_CONVERSION = YES;
				CLANG_WARN_COMMA = YES;
				CLANG_WARN_CONSTANT_CONVERSION = YES;
				CLANG_WARN_DEPRECATED_OBJC_IMPLEMENTATIONS = YES;
				CLANG_WARN_DIRECT_OBJC_ISA_USAGE = YES_ERROR;
				CLANG_WARN_DOCUMENTATION_COMMENTS = YES;
				CLANG_WARN_EMPTY_BODY = YES;
				CLANG_WARN_ENUM_CONVERSION = YES;
				CLANG_WARN_INFINITE_RECURSION = YES;
				CLANG_WARN_INT_CONVERSION = YES;
				CLANG_WARN_NON_LITERAL_NULL_CONVERSION = YES;
				CLANG_WARN_OBJC_IMPLICIT_RETAIN_SELF = YES;
				CLANG_WARN_OBJC_LITERAL_CONVERSION = YES;
				CLANG_WARN_OBJC_ROOT_CLASS = YES_ERROR;
				CLANG_WARN_RANGE_LOOP_ANALYSIS = YES;
				CLANG_WARN_STRICT_PROTOTYPES = YES;
				CLANG_WARN_SUSPICIOUS_MOVE = YES;
				CLANG_WARN_UNGUARDED_AVAILABILITY = YES_AGGRESSIVE;
				CLANG_WARN_UNREACHABLE_CODE = YES;
				CLANG_WARN__DUPLICATE_METHOD_MATCH = YES;
				COPY_PHASE_STRIP = NO;
				DEBUG_INFORMATION_FORMAT = "dwarf-with-dsym";
				ENABLE_NS_ASSERTIONS = NO;
				ENABLE_STRICT_OBJC_MSGSEND = YES;
				GCC_C_LANGUAGE_STANDARD = gnu11;
				GCC_NO_COMMON_BLOCKS = YES;
				GCC_WARN_64_TO_32_BIT_CONVERSION = YES;
				GCC_WARN_ABOUT_RETURN_TYPE = YES_ERROR;
				GCC_WARN_UNDECLARED_SELECTOR = YES;
				GCC_WARN_UNINITIALIZED_AUTOS = YES_AGGRESSIVE;
				GCC_WARN_UNUSED_FUNCTION = YES;
				GCC_WARN_UNUSED_VARIABLE = YES;
				IPHONEOS_DEPLOYMENT_TARGET = 13.5;
				MTL_ENABLE_DEBUG_INFO = NO;
				MTL_FAST_MATH = YES;
				SDKROOT = iphoneos;
				SWIFT_COMPILATION_MODE = wholemodule;
				SWIFT_OPTIMIZATION_LEVEL = "-O";
				VALIDATE_PRODUCT = YES;
			};
			name = Release;
		};
		E17DA2E124A6A39B003F0305 /* Debug */ = {
			isa = XCBuildConfiguration;
			buildSettings = {
				ASSETCATALOG_COMPILER_APPICON_NAME = AppIcon;
				CODE_SIGN_STYLE = Automatic;
				DEVELOPMENT_ASSET_PATHS = "\"DesignCode/Preview Content\"";
				DEVELOPMENT_TEAM = ZU9G4XNAG8;
				ENABLE_PREVIEWS = YES;
				INFOPLIST_FILE = DesignCode/Info.plist;
				LD_RUNPATH_SEARCH_PATHS = (
					"$(inherited)",
					"@executable_path/Frameworks",
				);
				PRODUCT_BUNDLE_IDENTIFIER = com.rovansteen.DesignCode;
				PRODUCT_NAME = "$(TARGET_NAME)";
				SWIFT_VERSION = 5.0;
				TARGETED_DEVICE_FAMILY = "1,2";
			};
			name = Debug;
		};
		E17DA2E224A6A39B003F0305 /* Release */ = {
			isa = XCBuildConfiguration;
			buildSettings = {
				ASSETCATALOG_COMPILER_APPICON_NAME = AppIcon;
				CODE_SIGN_STYLE = Automatic;
				DEVELOPMENT_ASSET_PATHS = "\"DesignCode/Preview Content\"";
				DEVELOPMENT_TEAM = ZU9G4XNAG8;
				ENABLE_PREVIEWS = YES;
				INFOPLIST_FILE = DesignCode/Info.plist;
				LD_RUNPATH_SEARCH_PATHS = (
					"$(inherited)",
					"@executable_path/Frameworks",
				);
				PRODUCT_BUNDLE_IDENTIFIER = com.rovansteen.DesignCode;
				PRODUCT_NAME = "$(TARGET_NAME)";
				SWIFT_VERSION = 5.0;
				TARGETED_DEVICE_FAMILY = "1,2";
			};
			name = Release;
		};
/* End XCBuildConfiguration section */

/* Begin XCConfigurationList section */
		E17DA2C724A6A39A003F0305 /* Build configuration list for PBXProject "DesignCode" */ = {
			isa = XCConfigurationList;
			buildConfigurations = (
				E17DA2DE24A6A39B003F0305 /* Debug */,
				E17DA2DF24A6A39B003F0305 /* Release */,
			);
			defaultConfigurationIsVisible = 0;
			defaultConfigurationName = Release;
		};
		E17DA2E024A6A39B003F0305 /* Build configuration list for PBXNativeTarget "DesignCode" */ = {
			isa = XCConfigurationList;
			buildConfigurations = (
				E17DA2E124A6A39B003F0305 /* Debug */,
				E17DA2E224A6A39B003F0305 /* Release */,
			);
			defaultConfigurationIsVisible = 0;
			defaultConfigurationName = Release;
		};
/* End XCConfigurationList section */
	};
	rootObject = E17DA2C424A6A39A003F0305 /* Project object */;
}
